// !$*UTF8*$!
{
	archiveVersion = 1;
	classes = {
	};
	objectVersion = 46;
	objects = {

/* Begin PBXBuildFile section */
		28C5DB241DAC2BE300BC3632 /* AppDelegate.swift in Sources */ = {isa = PBXBuildFile; fileRef = 28C5DB231DAC2BE300BC3632 /* AppDelegate.swift */; };
		28C5DB261DAC2BE300BC3632 /* ViewController.swift in Sources */ = {isa = PBXBuildFile; fileRef = 28C5DB251DAC2BE300BC3632 /* ViewController.swift */; };
		28C5DB291DAC2BE300BC3632 /* Main.storyboard in Resources */ = {isa = PBXBuildFile; fileRef = 28C5DB271DAC2BE300BC3632 /* Main.storyboard */; };
		28C5DB2B1DAC2BE300BC3632 /* Assets.xcassets in Resources */ = {isa = PBXBuildFile; fileRef = 28C5DB2A1DAC2BE300BC3632 /* Assets.xcassets */; };
		28C5DB2E1DAC2BE300BC3632 /* LaunchScreen.storyboard in Resources */ = {isa = PBXBuildFile; fileRef = 28C5DB2C1DAC2BE300BC3632 /* LaunchScreen.storyboard */; };
/* End PBXBuildFile section */

/* Begin PBXFileReference section */
		28C5DB201DAC2BE300BC3632 /* Representatives.app */ = {isa = PBXFileReference; explicitFileType = wrapper.application; includeInIndex = 0; path = Representatives.app; sourceTree = BUILT_PRODUCTS_DIR; };
		28C5DB231DAC2BE300BC3632 /* AppDelegate.swift */ = {isa = PBXFileReference; lastKnownFileType = sourcecode.swift; path = AppDelegate.swift; sourceTree = "<group>"; };
		28C5DB251DAC2BE300BC3632 /* ViewController.swift */ = {isa = PBXFileReference; lastKnownFileType = sourcecode.swift; path = ViewController.swift; sourceTree = "<group>"; };
		28C5DB281DAC2BE300BC3632 /* Base */ = {isa = PBXFileReference; lastKnownFileType = file.storyboard; name = Base; path = Base.lproj/Main.storyboard; sourceTree = "<group>"; };
		28C5DB2A1DAC2BE300BC3632 /* Assets.xcassets */ = {isa = PBXFileReference; lastKnownFileType = folder.assetcatalog; path = Assets.xcassets; sourceTree = "<group>"; };
		28C5DB2D1DAC2BE300BC3632 /* Base */ = {isa = PBXFileReference; lastKnownFileType = file.storyboard; name = Base; path = Base.lproj/LaunchScreen.storyboard; sourceTree = "<group>"; };
		28C5DB2F1DAC2BE300BC3632 /* Info.plist */ = {isa = PBXFileReference; lastKnownFileType = text.plist.xml; path = Info.plist; sourceTree = "<group>"; };
/* End PBXFileReference section */

/* Begin PBXFrameworksBuildPhase section */
		28C5DB1D1DAC2BE300BC3632 /* Frameworks */ = {
			isa = PBXFrameworksBuildPhase;
			buildActionMask = 2147483647;
			files = (
			);
			runOnlyForDeploymentPostprocessing = 0;
		};
/* End PBXFrameworksBuildPhase section */

/* Begin PBXGroup section */
		28C5DB171DAC2BE300BC3632 = {
			isa = PBXGroup;
			children = (
				28C5DB221DAC2BE300BC3632 /* Representatives */,
				28C5DB211DAC2BE300BC3632 /* Products */,
			);
			sourceTree = "<group>";
		};
		28C5DB211DAC2BE300BC3632 /* Products */ = {
			isa = PBXGroup;
			children = (
				28C5DB201DAC2BE300BC3632 /* Representatives.app */,
			);
			name = Products;
			sourceTree = "<group>";
		};
		28C5DB221DAC2BE300BC3632 /* Representatives */ = {
			isa = PBXGroup;
			children = (
				28C5DB231DAC2BE300BC3632 /* AppDelegate.swift */,
				28C5DB251DAC2BE300BC3632 /* ViewController.swift */,
				28C5DB271DAC2BE300BC3632 /* Main.storyboard */,
				28C5DB2A1DAC2BE300BC3632 /* Assets.xcassets */,
				28C5DB2C1DAC2BE300BC3632 /* LaunchScreen.storyboard */,
				28C5DB2F1DAC2BE300BC3632 /* Info.plist */,
			);
			path = Representatives;
			sourceTree = "<group>";
		};
/* End PBXGroup section */

/* Begin PBXNativeTarget section */
		28C5DB1F1DAC2BE300BC3632 /* Representatives */ = {
			isa = PBXNativeTarget;
			buildConfigurationList = 28C5DB321DAC2BE300BC3632 /* Build configuration list for PBXNativeTarget "Representatives" */;
			buildPhases = (
				28C5DB1C1DAC2BE300BC3632 /* Sources */,
				28C5DB1D1DAC2BE300BC3632 /* Frameworks */,
				28C5DB1E1DAC2BE300BC3632 /* Resources */,
			);
			buildRules = (
			);
			dependencies = (
			);
			name = Representatives;
			productName = Representatives;
			productReference = 28C5DB201DAC2BE300BC3632 /* Representatives.app */;
			productType = "com.apple.product-type.application";
		};
/* End PBXNativeTarget section */

/* Begin PBXProject section */
		28C5DB181DAC2BE300BC3632 /* Project object */ = {
			isa = PBXProject;
			attributes = {
				LastSwiftUpdateCheck = 0800;
				LastUpgradeCheck = 0800;
				ORGANIZATIONNAME = "Uldis Zingis";
				TargetAttributes = {
					28C5DB1F1DAC2BE300BC3632 = {
						CreatedOnToolsVersion = 8.0;
						DevelopmentTeam = KNA8S759M5;
						ProvisioningStyle = Automatic;
					};
				};
			};
			buildConfigurationList = 28C5DB1B1DAC2BE300BC3632 /* Build configuration list for PBXProject "Representatives" */;
			compatibilityVersion = "Xcode 3.2";
			developmentRegion = English;
			hasScannedForEncodings = 0;
			knownRegions = (
				en,
				Base,
			);
			mainGroup = 28C5DB171DAC2BE300BC3632;
			productRefGroup = 28C5DB211DAC2BE300BC3632 /* Products */;
			projectDirPath = "";
			projectRoot = "";
			targets = (
				28C5DB1F1DAC2BE300BC3632 /* Representatives */,
			);
		};
/* End PBXProject section */

/* Begin PBXResourcesBuildPhase section */
		28C5DB1E1DAC2BE300BC3632 /* Resources */ = {
			isa = PBXResourcesBuildPhase;
			buildActionMask = 2147483647;
			files = (
				28C5DB2E1DAC2BE300BC3632 /* LaunchScreen.storyboard in Resources */,
				28C5DB2B1DAC2BE300BC3632 /* Assets.xcassets in Resources */,
				28C5DB291DAC2BE300BC3632 /* Main.storyboard in Resources */,
			);
			runOnlyForDeploymentPostprocessing = 0;
		};
/* End PBXResourcesBuildPhase section */

/* Begin PBXSourcesBuildPhase section */
		28C5DB1C1DAC2BE300BC3632 /* Sources */ = {
			isa = PBXSourcesBuildPhase;
			buildActionMask = 2147483647;
			files = (
				28C5DB261DAC2BE300BC3632 /* ViewController.swift in Sources */,
				28C5DB241DAC2BE300BC3632 /* AppDelegate.swift in Sources */,
			);
			runOnlyForDeploymentPostprocessing = 0;
		};
/* End PBXSourcesBuildPhase section */

/* Begin PBXVariantGroup section */
		28C5DB271DAC2BE300BC3632 /* Main.storyboard */ = {
			isa = PBXVariantGroup;
			children = (
				28C5DB281DAC2BE300BC3632 /* Base */,
			);
			name = Main.storyboard;
			sourceTree = "<group>";
		};
		28C5DB2C1DAC2BE300BC3632 /* LaunchScreen.storyboard */ = {
			isa = PBXVariantGroup;
			children = (
				28C5DB2D1DAC2BE300BC3632 /* Base */,
			);
			name = LaunchScreen.storyboard;
			sourceTree = "<group>";
		};
/* End PBXVariantGroup section */

/* Begin XCBuildConfiguration section */
		28C5DB301DAC2BE300BC3632 /* Debug */ = {
			isa = XCBuildConfiguration;
			buildSettings = {
				ALWAYS_SEARCH_USER_PATHS = NO;
				CLANG_ANALYZER_NONNULL = YES;
				CLANG_CXX_LANGUAGE_STANDARD = "gnu++0x";
				CLANG_CXX_LIBRARY = "libc++";
				CLANG_ENABLE_MODULES = YES;
				CLANG_ENABLE_OBJC_ARC = YES;
				CLANG_WARN_BOOL_CONVERSION = YES;
				CLANG_WARN_CONSTANT_CONVERSION = YES;
				CLANG_WARN_DIRECT_OBJC_ISA_USAGE = YES_ERROR;
				CLANG_WARN_DOCUMENTATION_COMMENTS = YES;
				CLANG_WARN_EMPTY_BODY = YES;
				CLANG_WARN_ENUM_CONVERSION = YES;
				CLANG_WARN_INFINITE_RECURSION = YES;
				CLANG_WARN_INT_CONVERSION = YES;
				CLANG_WARN_OBJC_ROOT_CLASS = YES_ERROR;
				CLANG_WARN_SUSPICIOUS_MOVES = YES;
				CLANG_WARN_UNREACHABLE_CODE = YES;
				CLANG_WARN__DUPLICATE_METHOD_MATCH = YES;
				"CODE_SIGN_IDENTITY[sdk=iphoneos*]" = "iPhone Developer";
				COPY_PHASE_STRIP = NO;
				DEBUG_INFORMATION_FORMAT = dwarf;
				ENABLE_STRICT_OBJC_MSGSEND = YES;
				ENABLE_TESTABILITY = YES;
				GCC_C_LANGUAGE_STANDARD = gnu99;
				GCC_DYNAMIC_NO_PIC = NO;
				GCC_NO_COMMON_BLOCKS = YES;
				GCC_OPTIMIZATION_LEVEL = 0;
				GCC_PREPROCESSOR_DEFINITIONS = (
					"DEBUG=1",
					"$(inherited)",
				);
				GCC_WARN_64_TO_32_BIT_CONVERSION = YES;
				GCC_WARN_ABOUT_RETURN_TYPE = YES_ERROR;
				GCC_WARN_UNDECLARED_SELECTOR = YES;
				GCC_WARN_UNINITIALIZED_AUTOS = YES_AGGRESSIVE;
				GCC_WARN_UNUSED_FUNCTION = YES;
				GCC_WARN_UNUSED_VARIABLE = YES;
				IPHONEOS_DEPLOYMENT_TARGET = 10.0;
				MTL_ENABLE_DEBUG_INFO = YES;
				ONLY_ACTIVE_ARCH = YES;
				SDKROOT = iphoneos;
				SWIFT_ACTIVE_COMPILATION_CONDITIONS = DEBUG;
				SWIFT_OPTIMIZATION_LEVEL = "-Onone";
				TARGETED_DEVICE_FAMILY = "1,2";
			};
			name = Debug;
		};
		28C5DB311DAC2BE300BC3632 /* Release */ = {
			isa = XCBuildConfiguration;
			buildSettings = {
				ALWAYS_SEARCH_USER_PATHS = NO;
				CLANG_ANALYZER_NONNULL = YES;
				CLANG_CXX_LANGUAGE_STANDARD = "gnu++0x";
				CLANG_CXX_LIBRARY = "libc++";
				CLANG_ENABLE_MODULES = YES;
				CLANG_ENABLE_OBJC_ARC = YES;
				CLANG_WARN_BOOL_CONVERSION = YES;
				CLANG_WARN_CONSTANT_CONVERSION = YES;
				CLANG_WARN_DIRECT_OBJC_ISA_USAGE = YES_ERROR;
				CLANG_WARN_DOCUMENTATION_COMMENTS = YES;
				CLANG_WARN_EMPTY_BODY = YES;
				CLANG_WARN_ENUM_CONVERSION = YES;
				CLANG_WARN_INFINITE_RECURSION = YES;
				CLANG_WARN_INT_CONVERSION = YES;
				CLANG_WARN_OBJC_ROOT_CLASS = YES_ERROR;
				CLANG_WARN_SUSPICIOUS_MOVES = YES;
				CLANG_WARN_UNREACHABLE_CODE = YES;
				CLANG_WARN__DUPLICATE_METHOD_MATCH = YES;
				"CODE_SIGN_IDENTITY[sdk=iphoneos*]" = "iPhone Developer";
				COPY_PHASE_STRIP = NO;
				DEBUG_INFORMATION_FORMAT = "dwarf-with-dsym";
				ENABLE_NS_ASSERTIONS = NO;
				ENABLE_STRICT_OBJC_MSGSEND = YES;
				GCC_C_LANGUAGE_STANDARD = gnu99;
				GCC_NO_COMMON_BLOCKS = YES;
				GCC_WARN_64_TO_32_BIT_CONVERSION = YES;
				GCC_WARN_ABOUT_RETURN_TYPE = YES_ERROR;
				GCC_WARN_UNDECLARED_SELECTOR = YES;
				GCC_WARN_UNINITIALIZED_AUTOS = YES_AGGRESSIVE;
				GCC_WARN_UNUSED_FUNCTION = YES;
				GCC_WARN_UNUSED_VARIABLE = YES;
				IPHONEOS_DEPLOYMENT_TARGET = 10.0;
				MTL_ENABLE_DEBUG_INFO = NO;
				SDKROOT = iphoneos;
				SWIFT_OPTIMIZATION_LEVEL = "-Owholemodule";
				TARGETED_DEVICE_FAMILY = "1,2";
				VALIDATE_PRODUCT = YES;
			};
			name = Release;
		};
		28C5DB331DAC2BE300BC3632 /* Debug */ = {
			isa = XCBuildConfiguration;
			buildSettings = {
				ASSETCATALOG_COMPILER_APPICON_NAME = AppIcon;
				DEVELOPMENT_TEAM = KNA8S759M5;
				INFOPLIST_FILE = Representatives/Info.plist;
				LD_RUNPATH_SEARCH_PATHS = "$(inherited) @executable_path/Frameworks";
				PRODUCT_BUNDLE_IDENTIFIER = uldis.zingis.Representatives;
				PRODUCT_NAME = "$(TARGET_NAME)";
				SWIFT_VERSION = 3.0;
			};
			name = Debug;
		};
		28C5DB341DAC2BE300BC3632 /* Release */ = {
			isa = XCBuildConfiguration;
			buildSettings = {
				ASSETCATALOG_COMPILER_APPICON_NAME = AppIcon;
				DEVELOPMENT_TEAM = KNA8S759M5;
				INFOPLIST_FILE = Representatives/Info.plist;
				LD_RUNPATH_SEARCH_PATHS = "$(inherited) @executable_path/Frameworks";
				PRODUCT_BUNDLE_IDENTIFIER = uldis.zingis.Representatives;
				PRODUCT_NAME = "$(TARGET_NAME)";
				SWIFT_VERSION = 3.0;
			};
			name = Release;
		};
/* End XCBuildConfiguration section */

/* Begin XCConfigurationList section */
		28C5DB1B1DAC2BE300BC3632 /* Build configuration list for PBXProject "Representatives" */ = {
			isa = XCConfigurationList;
			buildConfigurations = (
				28C5DB301DAC2BE300BC3632 /* Debug */,
				28C5DB311DAC2BE300BC3632 /* Release */,
			);
			defaultConfigurationIsVisible = 0;
			defaultConfigurationName = Release;
		};
		28C5DB321DAC2BE300BC3632 /* Build configuration list for PBXNativeTarget "Representatives" */ = {
			isa = XCConfigurationList;
			buildConfigurations = (
				28C5DB331DAC2BE300BC3632 /* Debug */,
				28C5DB341DAC2BE300BC3632 /* Release */,
			);
			defaultConfigurationIsVisible = 0;
		};
/* End XCConfigurationList section */
	};
	rootObject = 28C5DB181DAC2BE300BC3632 /* Project object */;
}
